
Microsoft Visual Studio Solution File, Format Version 12.00
# Visual Studio Version 16
VisualStudioVersion = 16.0.32002.261
MinimumVisualStudioVersion = 10.0.40219.1
Project("{FAE04EC0-301F-11D3-BF4B-00C04F79EFBC}") = "APSWinForm", "APSWinForm\APSWinForm.csproj", "{6F256DFA-8FAB-4E8F-9703-FA9B897B5B66}"
EndProject
Project("{FAE04EC0-301F-11D3-BF4B-00C04F79EFBC}") = "APSDAC", "APSDAC\APSDAC.csproj", "{C3C6F97F-8C6F-4E7A-8024-2552316B7F31}"
EndProject
Project("{FAE04EC0-301F-11D3-BF4B-00C04F79EFBC}") = "APSVO", "APSVO\APSVO.csproj", "{0B74B488-1A0A-43EA-A635-AF727722BDC7}"
EndProject
Project("{FAE04EC0-301F-11D3-BF4B-00C04F79EFBC}") = "APSServer", "APSServer\APSServer.csproj", "{C52A3F47-36AF-4459-BC02-E3C6690EFB3E}"
EndProject
Project("{FAE04EC0-301F-11D3-BF4B-00C04F79EFBC}") = "APSEncrypt", "APSEncrypt\APSEncrypt.csproj", "{0BEE685F-05BD-4CC3-943B-7EB5BDE1B7B6}"
EndProject
Project("{FAE04EC0-301F-11D3-BF4B-00C04F79EFBC}") = "APSLogger", "APSLogger\APSLogger.csproj", "{3647BCB9-BC2A-4BC1-AAD5-048C9A036A15}"
EndProject
Project("{FAE04EC0-301F-11D3-BF4B-00C04F79EFBC}") = "APSMVC", "APSMVC\APSMVC.csproj", "{7746787A-5729-469A-BDF9-55CCE4F2A164}"
EndProject
Project("{FAE04EC0-301F-11D3-BF4B-00C04F79EFBC}") = "APSUtil", "APSUtil\APSUtil.csproj", "{79342BF6-8059-4F29-B21E-846BB7F9CAD4}"
EndProject
Global
	GlobalSection(SolutionConfigurationPlatforms) = preSolution
		Debug|Any CPU = Debug|Any CPU
		Release|Any CPU = Release|Any CPU
	EndGlobalSection
	GlobalSection(ProjectConfigurationPlatforms) = postSolution
		{6F256DFA-8FAB-4E8F-9703-FA9B897B5B66}.Debug|Any CPU.ActiveCfg = Debug|Any CPU
		{6F256DFA-8FAB-4E8F-9703-FA9B897B5B66}.Debug|Any CPU.Build.0 = Debug|Any CPU
		{6F256DFA-8FAB-4E8F-9703-FA9B897B5B66}.Release|Any CPU.ActiveCfg = Release|Any CPU
		{6F256DFA-8FAB-4E8F-9703-FA9B897B5B66}.Release|Any CPU.Build.0 = Release|Any CPU
		{C3C6F97F-8C6F-4E7A-8024-2552316B7F31}.Debug|Any CPU.ActiveCfg = Debug|Any CPU
		{C3C6F97F-8C6F-4E7A-8024-2552316B7F31}.Debug|Any CPU.Build.0 = Debug|Any CPU
		{C3C6F97F-8C6F-4E7A-8024-2552316B7F31}.Release|Any CPU.ActiveCfg = Release|Any CPU
		{C3C6F97F-8C6F-4E7A-8024-2552316B7F31}.Release|Any CPU.Build.0 = Release|Any CPU
		{0B74B488-1A0A-43EA-A635-AF727722BDC7}.Debug|Any CPU.ActiveCfg = Debug|Any CPU
		{0B74B488-1A0A-43EA-A635-AF727722BDC7}.Debug|Any CPU.Build.0 = Debug|Any CPU
		{0B74B488-1A0A-43EA-A635-AF727722BDC7}.Release|Any CPU.ActiveCfg = Release|Any CPU
		{0B74B488-1A0A-43EA-A635-AF727722BDC7}.Release|Any CPU.Build.0 = Release|Any CPU
		{C52A3F47-36AF-4459-BC02-E3C6690EFB3E}.Debug|Any CPU.ActiveCfg = Debug|Any CPU
		{C52A3F47-36AF-4459-BC02-E3C6690EFB3E}.Debug|Any CPU.Build.0 = Debug|Any CPU
		{C52A3F47-36AF-4459-BC02-E3C6690EFB3E}.Release|Any CPU.ActiveCfg = Release|Any CPU
		{C52A3F47-36AF-4459-BC02-E3C6690EFB3E}.Release|Any CPU.Build.0 = Release|Any CPU
		{0BEE685F-05BD-4CC3-943B-7EB5BDE1B7B6}.Debug|Any CPU.ActiveCfg = Debug|Any CPU
		{0BEE685F-05BD-4CC3-943B-7EB5BDE1B7B6}.Debug|Any CPU.Build.0 = Debug|Any CPU
		{0BEE685F-05BD-4CC3-943B-7EB5BDE1B7B6}.Release|Any CPU.ActiveCfg = Release|Any CPU
		{0BEE685F-05BD-4CC3-943B-7EB5BDE1B7B6}.Release|Any CPU.Build.0 = Release|Any CPU
		{3647BCB9-BC2A-4BC1-AAD5-048C9A036A15}.Debug|Any CPU.ActiveCfg = Debug|Any CPU
		{3647BCB9-BC2A-4BC1-AAD5-048C9A036A15}.Debug|Any CPU.Build.0 = Debug|Any CPU
		{3647BCB9-BC2A-4BC1-AAD5-048C9A036A15}.Release|Any CPU.ActiveCfg = Release|Any CPU
		{3647BCB9-BC2A-4BC1-AAD5-048C9A036A15}.Release|Any CPU.Build.0 = Release|Any CPU
		{7746787A-5729-469A-BDF9-55CCE4F2A164}.Debug|Any CPU.ActiveCfg = Debug|Any CPU
		{7746787A-5729-469A-BDF9-55CCE4F2A164}.Debug|Any CPU.Build.0 = Debug|Any CPU
		{7746787A-5729-469A-BDF9-55CCE4F2A164}.Release|Any CPU.ActiveCfg = Release|Any CPU
		{7746787A-5729-469A-BDF9-55CCE4F2A164}.Release|Any CPU.Build.0 = Release|Any CPU
		{79342BF6-8059-4F29-B21E-846BB7F9CAD4}.Debug|Any CPU.ActiveCfg = Debug|Any CPU
		{79342BF6-8059-4F29-B21E-846BB7F9CAD4}.Debug|Any CPU.Build.0 = Debug|Any CPU
		{79342BF6-8059-4F29-B21E-846BB7F9CAD4}.Release|Any CPU.ActiveCfg = Release|Any CPU
		{79342BF6-8059-4F29-B21E-846BB7F9CAD4}.Release|Any CPU.Build.0 = Release|Any CPU
	EndGlobalSection
	GlobalSection(SolutionProperties) = preSolution
		HideSolutionNode = FALSE
	EndGlobalSection
	GlobalSection(ExtensibilityGlobals) = postSolution
		SolutionGuid = {755BE33D-232C-42BD-933F-ED99DF95C88A}
	EndGlobalSection
EndGlobal
